
Microsoft Visual Studio Solution File, Format Version 12.00
# Visual Studio Version 17
VisualStudioVersion = 17.3.32825.248
MinimumVisualStudioVersion = 10.0.40219.1
Project("{FAE04EC0-301F-11D3-BF4B-00C04F79EFBC}") = "JWTTokenAuthAspNet6_API", "JWTTokenAuthAspNet6_API\JWTTokenAuthAspNet6_API.csproj", "{0809F417-A9CC-4CE6-BE46-F5317530C404}"
EndProject
Project("{FAE04EC0-301F-11D3-BF4B-00C04F79EFBC}") = "JWTTokenAuthAspNet6_DAL", "JWTTokenAuthAspNet6_DAL\JWTTokenAuthAspNet6_DAL.csproj", "{91A27CDA-942C-42A0-A0E8-9DBF8AED4563}"
EndProject
Project("{FAE04EC0-301F-11D3-BF4B-00C04F79EFBC}") = "JWTTokenAuthAspNet6_BLL", "JWTTokenAuthAspNet6_BLL\JWTTokenAuthAspNet6_BLL.csproj", "{EB897CAE-223F-4BE5-BD3E-FE6CCC4FBE40}"
EndProject
Global
	GlobalSection(SolutionConfigurationPlatforms) = preSolution
		Debug|Any CPU = Debug|Any CPU
		Release|Any CPU = Release|Any CPU
	EndGlobalSection
	GlobalSection(ProjectConfigurationPlatforms) = postSolution
		{0809F417-A9CC-4CE6-BE46-F5317530C404}.Debug|Any CPU.ActiveCfg = Debug|Any CPU
		{0809F417-A9CC-4CE6-BE46-F5317530C404}.Debug|Any CPU.Build.0 = Debug|Any CPU
		{0809F417-A9CC-4CE6-BE46-F5317530C404}.Release|Any CPU.ActiveCfg = Release|Any CPU
		{0809F417-A9CC-4CE6-BE46-F5317530C404}.Release|Any CPU.Build.0 = Release|Any CPU
		{91A27CDA-942C-42A0-A0E8-9DBF8AED4563}.Debug|Any CPU.ActiveCfg = Debug|Any CPU
		{91A27CDA-942C-42A0-A0E8-9DBF8AED4563}.Debug|Any CPU.Build.0 = Debug|Any CPU
		{91A27CDA-942C-42A0-A0E8-9DBF8AED4563}.Release|Any CPU.ActiveCfg = Release|Any CPU
		{91A27CDA-942C-42A0-A0E8-9DBF8AED4563}.Release|Any CPU.Build.0 = Release|Any CPU
		{EB897CAE-223F-4BE5-BD3E-FE6CCC4FBE40}.Debug|Any CPU.ActiveCfg = Debug|Any CPU
		{EB897CAE-223F-4BE5-BD3E-FE6CCC4FBE40}.Debug|Any CPU.Build.0 = Debug|Any CPU
		{EB897CAE-223F-4BE5-BD3E-FE6CCC4FBE40}.Release|Any CPU.ActiveCfg = Release|Any CPU
		{EB897CAE-223F-4BE5-BD3E-FE6CCC4FBE40}.Release|Any CPU.Build.0 = Release|Any CPU
	EndGlobalSection
	GlobalSection(SolutionProperties) = preSolution
		HideSolutionNode = FALSE
	EndGlobalSection
	GlobalSection(ExtensibilityGlobals) = postSolution
		SolutionGuid = {9FFB7B8B-A27C-45CC-B047-7E2B2CA191E8}
	EndGlobalSection
EndGlobal
